
Microsoft Visual Studio Solution File, Format Version 12.00
# Visual Studio Version 16
VisualStudioVersion = 16.0.30804.86
MinimumVisualStudioVersion = 10.0.40219.1
Project("{9A19103F-16F7-4668-BE54-9A1E7A4F7556}") = "FactoryMethod", "FactoryMethod\FactoryMethod.csproj", "{1C8011DD-713D-4A86-BE3C-B3517E12ECF0}"
EndProject
Project("{9A19103F-16F7-4668-BE54-9A1E7A4F7556}") = "Singleton", "Singleton\Singleton.csproj", "{E3BDC664-AFCA-4937-A9C0-9B629DDF17E8}"
EndProject
Project("{9A19103F-16F7-4668-BE54-9A1E7A4F7556}") = "Strategy", "Strategy\Strategy.csproj", "{51185C40-685A-4168-A9CC-5A2977F7150D}"
EndProject
Project("{9A19103F-16F7-4668-BE54-9A1E7A4F7556}") = "Builder", "Builder\Builder.csproj", "{FA86F11E-6F17-4F60-A010-18E34E2FE6B8}"
EndProject
Project("{9A19103F-16F7-4668-BE54-9A1E7A4F7556}") = "Prototype", "Prototype\Prototype.csproj", "{36238074-B07F-4B4E-97A7-47A8FC7CFE12}"
EndProject
Project("{9A19103F-16F7-4668-BE54-9A1E7A4F7556}") = "Adapter", "Adapter\Adapter.csproj", "{B310F2BE-449C-4778-ADE0-E1F894DA4371}"
EndProject
Project("{FAE04EC0-301F-11D3-BF4B-00C04F79EFBC}") = "Bridge", "Bridge\Bridge.csproj", "{F06FF323-CF81-4212-9EC2-05B5F8893201}"
EndProject
Project("{FAE04EC0-301F-11D3-BF4B-00C04F79EFBC}") = "Composite", "Composite\Composite.csproj", "{E40832B0-F0A2-421B-AF41-B6B43D89F7CF}"
EndProject
Global
	GlobalSection(SolutionConfigurationPlatforms) = preSolution
		Debug|Any CPU = Debug|Any CPU
		Release|Any CPU = Release|Any CPU
	EndGlobalSection
	GlobalSection(ProjectConfigurationPlatforms) = postSolution
		{1C8011DD-713D-4A86-BE3C-B3517E12ECF0}.Debug|Any CPU.ActiveCfg = Debug|Any CPU
		{1C8011DD-713D-4A86-BE3C-B3517E12ECF0}.Debug|Any CPU.Build.0 = Debug|Any CPU
		{1C8011DD-713D-4A86-BE3C-B3517E12ECF0}.Release|Any CPU.ActiveCfg = Release|Any CPU
		{1C8011DD-713D-4A86-BE3C-B3517E12ECF0}.Release|Any CPU.Build.0 = Release|Any CPU
		{E3BDC664-AFCA-4937-A9C0-9B629DDF17E8}.Debug|Any CPU.ActiveCfg = Debug|Any CPU
		{E3BDC664-AFCA-4937-A9C0-9B629DDF17E8}.Debug|Any CPU.Build.0 = Debug|Any CPU
		{E3BDC664-AFCA-4937-A9C0-9B629DDF17E8}.Release|Any CPU.ActiveCfg = Release|Any CPU
		{E3BDC664-AFCA-4937-A9C0-9B629DDF17E8}.Release|Any CPU.Build.0 = Release|Any CPU
		{51185C40-685A-4168-A9CC-5A2977F7150D}.Debug|Any CPU.ActiveCfg = Debug|Any CPU
		{51185C40-685A-4168-A9CC-5A2977F7150D}.Debug|Any CPU.Build.0 = Debug|Any CPU
		{51185C40-685A-4168-A9CC-5A2977F7150D}.Release|Any CPU.ActiveCfg = Release|Any CPU
		{51185C40-685A-4168-A9CC-5A2977F7150D}.Release|Any CPU.Build.0 = Release|Any CPU
		{FA86F11E-6F17-4F60-A010-18E34E2FE6B8}.Debug|Any CPU.ActiveCfg = Debug|Any CPU
		{FA86F11E-6F17-4F60-A010-18E34E2FE6B8}.Debug|Any CPU.Build.0 = Debug|Any CPU
		{FA86F11E-6F17-4F60-A010-18E34E2FE6B8}.Release|Any CPU.ActiveCfg = Release|Any CPU
		{FA86F11E-6F17-4F60-A010-18E34E2FE6B8}.Release|Any CPU.Build.0 = Release|Any CPU
		{36238074-B07F-4B4E-97A7-47A8FC7CFE12}.Debug|Any CPU.ActiveCfg = Debug|Any CPU
		{36238074-B07F-4B4E-97A7-47A8FC7CFE12}.Debug|Any CPU.Build.0 = Debug|Any CPU
		{36238074-B07F-4B4E-97A7-47A8FC7CFE12}.Release|Any CPU.ActiveCfg = Release|Any CPU
		{36238074-B07F-4B4E-97A7-47A8FC7CFE12}.Release|Any CPU.Build.0 = Release|Any CPU
		{B310F2BE-449C-4778-ADE0-E1F894DA4371}.Debug|Any CPU.ActiveCfg = Debug|Any CPU
		{B310F2BE-449C-4778-ADE0-E1F894DA4371}.Debug|Any CPU.Build.0 = Debug|Any CPU
		{B310F2BE-449C-4778-ADE0-E1F894DA4371}.Release|Any CPU.ActiveCfg = Release|Any CPU
		{B310F2BE-449C-4778-ADE0-E1F894DA4371}.Release|Any CPU.Build.0 = Release|Any CPU
		{F06FF323-CF81-4212-9EC2-05B5F8893201}.Debug|Any CPU.ActiveCfg = Debug|Any CPU
		{F06FF323-CF81-4212-9EC2-05B5F8893201}.Debug|Any CPU.Build.0 = Debug|Any CPU
		{F06FF323-CF81-4212-9EC2-05B5F8893201}.Release|Any CPU.ActiveCfg = Release|Any CPU
		{F06FF323-CF81-4212-9EC2-05B5F8893201}.Release|Any CPU.Build.0 = Release|Any CPU
		{E40832B0-F0A2-421B-AF41-B6B43D89F7CF}.Debug|Any CPU.ActiveCfg = Debug|Any CPU
		{E40832B0-F0A2-421B-AF41-B6B43D89F7CF}.Debug|Any CPU.Build.0 = Debug|Any CPU
		{E40832B0-F0A2-421B-AF41-B6B43D89F7CF}.Release|Any CPU.ActiveCfg = Release|Any CPU
		{E40832B0-F0A2-421B-AF41-B6B43D89F7CF}.Release|Any CPU.Build.0 = Release|Any CPU
	EndGlobalSection
	GlobalSection(SolutionProperties) = preSolution
		HideSolutionNode = FALSE
	EndGlobalSection
	GlobalSection(ExtensibilityGlobals) = postSolution
		SolutionGuid = {3A41E5BE-DEA0-4CB3-866C-C24CA5501451}
	EndGlobalSection
EndGlobal
